
Microsoft Visual Studio Solution File, Format Version 12.00
# Visual Studio Version 17
VisualStudioVersion = 17.1.32210.238
MinimumVisualStudioVersion = 10.0.40219.1
Project("{9A19103F-16F7-4668-BE54-9A1E7A4F7556}") = "Convertidor", "Convertidor\Convertidor.csproj", "{2C361D18-1E8D-4A41-943A-CEFD96FBD17B}"
EndProject
Project("{9A19103F-16F7-4668-BE54-9A1E7A4F7556}") = "Libreria", "Libreria\Libreria.csproj", "{6016D4CE-4BBC-41E8-8C67-F6248A191AD9}"
EndProject
Project("{9A19103F-16F7-4668-BE54-9A1E7A4F7556}") = "Test", "Test\Test.csproj", "{66A44E24-2AD4-4DB9-9D94-2AB93A434B56}"
EndProject
Project("{FAE04EC0-301F-11D3-BF4B-00C04F79EFBC}") = "CrearReportePdf", "CrearReportePdf\CrearReportePdf.csproj", "{80DBF6C2-D596-4130-B040-01C18AD2E9DF}"
EndProject
Global
	GlobalSection(SolutionConfigurationPlatforms) = preSolution
		Debug|Any CPU = Debug|Any CPU
		Release|Any CPU = Release|Any CPU
	EndGlobalSection
	GlobalSection(ProjectConfigurationPlatforms) = postSolution
		{2C361D18-1E8D-4A41-943A-CEFD96FBD17B}.Debug|Any CPU.ActiveCfg = Debug|Any CPU
		{2C361D18-1E8D-4A41-943A-CEFD96FBD17B}.Debug|Any CPU.Build.0 = Debug|Any CPU
		{2C361D18-1E8D-4A41-943A-CEFD96FBD17B}.Release|Any CPU.ActiveCfg = Release|Any CPU
		{2C361D18-1E8D-4A41-943A-CEFD96FBD17B}.Release|Any CPU.Build.0 = Release|Any CPU
		{6016D4CE-4BBC-41E8-8C67-F6248A191AD9}.Debug|Any CPU.ActiveCfg = Debug|Any CPU
		{6016D4CE-4BBC-41E8-8C67-F6248A191AD9}.Debug|Any CPU.Build.0 = Debug|Any CPU
		{6016D4CE-4BBC-41E8-8C67-F6248A191AD9}.Release|Any CPU.ActiveCfg = Release|Any CPU
		{6016D4CE-4BBC-41E8-8C67-F6248A191AD9}.Release|Any CPU.Build.0 = Release|Any CPU
		{66A44E24-2AD4-4DB9-9D94-2AB93A434B56}.Debug|Any CPU.ActiveCfg = Debug|Any CPU
		{66A44E24-2AD4-4DB9-9D94-2AB93A434B56}.Debug|Any CPU.Build.0 = Debug|Any CPU
		{66A44E24-2AD4-4DB9-9D94-2AB93A434B56}.Release|Any CPU.ActiveCfg = Release|Any CPU
		{66A44E24-2AD4-4DB9-9D94-2AB93A434B56}.Release|Any CPU.Build.0 = Release|Any CPU
		{80DBF6C2-D596-4130-B040-01C18AD2E9DF}.Debug|Any CPU.ActiveCfg = Debug|Any CPU
		{80DBF6C2-D596-4130-B040-01C18AD2E9DF}.Debug|Any CPU.Build.0 = Debug|Any CPU
		{80DBF6C2-D596-4130-B040-01C18AD2E9DF}.Release|Any CPU.ActiveCfg = Release|Any CPU
		{80DBF6C2-D596-4130-B040-01C18AD2E9DF}.Release|Any CPU.Build.0 = Release|Any CPU
	EndGlobalSection
	GlobalSection(SolutionProperties) = preSolution
		HideSolutionNode = FALSE
	EndGlobalSection
	GlobalSection(ExtensibilityGlobals) = postSolution
		SolutionGuid = {99DEC225-8886-4C56-856D-4DF6B686065D}
	EndGlobalSection
EndGlobal
